
Microsoft Visual Studio Solution File, Format Version 12.00
# Visual Studio 15
VisualStudioVersion = 15.0.28010.2016
MinimumVisualStudioVersion = 10.0.40219.1
Project("{FAE04EC0-301F-11D3-BF4B-00C04F79EFBC}") = "WPF-ILIAS-Sync2Folder", "WPF-ILIAS-Sync2Folder\WPF-ILIAS-Sync2Folder.csproj", "{2B5CD158-8F3B-440B-BCDF-A97A57032246}"
EndProject
Global
	GlobalSection(SolutionConfigurationPlatforms) = preSolution
		Debug|Any CPU = Debug|Any CPU
		Release|Any CPU = Release|Any CPU
	EndGlobalSection
	GlobalSection(ProjectConfigurationPlatforms) = postSolution
		{2B5CD158-8F3B-440B-BCDF-A97A57032246}.Debug|Any CPU.ActiveCfg = Debug|Any CPU
		{2B5CD158-8F3B-440B-BCDF-A97A57032246}.Debug|Any CPU.Build.0 = Debug|Any CPU
		{2B5CD158-8F3B-440B-BCDF-A97A57032246}.Release|Any CPU.ActiveCfg = Release|Any CPU
		{2B5CD158-8F3B-440B-BCDF-A97A57032246}.Release|Any CPU.Build.0 = Release|Any CPU
	EndGlobalSection
	GlobalSection(SolutionProperties) = preSolution
		HideSolutionNode = FALSE
	EndGlobalSection
	GlobalSection(ExtensibilityGlobals) = postSolution
		SolutionGuid = {100199CF-C6C7-4501-AD2E-74C3CD9C6D18}
	EndGlobalSection
EndGlobal
